<?xml version="1.0" encoding="utf-8"?>
<Project ToolsVersion="4.0" xmlns="http://schemas.microsoft.com/developer/msbuild/2003">
  <ItemGroup>
    <Filter Include="imgui">
      <UniqueIdentifier>{20b90ce4-7fcb-4731-b9a0-075f875de82d}</UniqueIdentifier>
    </Filter>
    <Filter Include="sources">
      <UniqueIdentifier>{f18ab499-84e1-499f-8eff-9754361e0e52}</UniqueIdentifier>
      <Extensions>cpp;c;cc;cxx;def;odl;idl;hpj;bat;asm;asmx</Extensions>
    </Filter>
    <Filter Include="widgets">
      <UniqueIdentifier>{bc18e2b8-5abc-4a7a-baf9-c67d4446f136}</UniqueIdentifier>
    </Filter>
    <Filter Include="widgets\toggle">
      <UniqueIdentifier>{115c6e58-87f7-4d0d-bdd4-00b4a0ff64d1}</UniqueIdentifier>
    </Filter>
    <Filter Include="sources\managers">
      <UniqueIdentifier>{17f9201b-f3ff-4ac2-afd4-356002056496}</UniqueIdentifier>
    </Filter>
    <Filter Include="sources\themes">
      <UniqueIdentifier>{f1cbdfa7-b6f2-4fef-a713-9041d64a2d31}</UniqueIdentifier>
    </Filter>
    <Filter Include="misc">
      <UniqueIdentifier>{c3a47eb7-0dc3-46f0-abd8-5300ca024362}</UniqueIdentifier>
    </Filter>
    <Filter Include="sources\backends">
      <UniqueIdentifier>{f3af5111-3fcb-49de-9813-3ba8b3b9c77a}</UniqueIdentifier>
    </Filter>
    <Filter Include="widgets\filedialog">
      <UniqueIdentifier>{30bf4960-785c-472b-9d8a-bb62ddfbc7b5}</UniqueIdentifier>
    </Filter>
    <Filter Include="widgets\icon">
      <UniqueIdentifier>{ee08932a-a489-49f4-8b63-28ce0396fc24}</UniqueIdentifier>
    </Filter>
    <Filter Include="sources\managers\utilities">
      <UniqueIdentifier>{d22d633d-98a5-4a5b-aca7-e981b98ba4da}</UniqueIdentifier>
    </Filter>
    <Filter Include="widgets\tabbar">
      <UniqueIdentifier>{05d24414-7607-4513-84e7-383468348539}</UniqueIdentifier>
    </Filter>
  </ItemGroup>
  <ItemGroup>
    <ClCompile Include="widgets\toggle\imgui_toggle.cpp">
      <Filter>widgets\toggle</Filter>
    </ClCompile>
    <ClCompile Include="widgets\toggle\imgui_toggle_palette.cpp">
      <Filter>widgets\toggle</Filter>
    </ClCompile>
    <ClCompile Include="widgets\toggle\imgui_toggle_presets.cpp">
      <Filter>widgets\toggle</Filter>
    </ClCompile>
    <ClCompile Include="widgets\toggle\imgui_toggle_renderer.cpp">
      <Filter>widgets\toggle</Filter>
    </ClCompile>
    <ClCompile Include="managers\sceneManager.cpp">
      <Filter>sources\managers</Filter>
    </ClCompile>
    <ClCompile Include="managers\renderManager.cpp">
      <Filter>sources\managers</Filter>
    </ClCompile>
    <ClCompile Include="themes\imgui_spectrum.cpp">
      <Filter>sources\themes</Filter>
    </ClCompile>
    <ClCompile Include="main.cpp" />
    <ClCompile Include="..\imgui_demo.cpp">
      <Filter>imgui</Filter>
    </ClCompile>
    <ClCompile Include="..\imgui_draw.cpp">
      <Filter>imgui</Filter>
    </ClCompile>
    <ClCompile Include="..\imgui_tables.cpp">
      <Filter>imgui</Filter>
    </ClCompile>
    <ClCompile Include="..\imgui_widgets.cpp">
      <Filter>imgui</Filter>
    </ClCompile>
    <ClCompile Include="..\imgui.cpp">
      <Filter>imgui</Filter>
    </ClCompile>
    <ClCompile Include="widgets\filedialog\ImGuiFileDialog.cpp">
      <Filter>widgets\filedialog</Filter>
    </ClCompile>
    <ClCompile Include="..\backends\imgui_impl_opengl3.cpp">
      <Filter>sources\backends</Filter>
    </ClCompile>
    <ClCompile Include="..\backends\imgui_impl_glfw.cpp">
      <Filter>sources\backends</Filter>
    </ClCompile>
    <ClCompile Include="managers\denoiserManager.cpp">
      <Filter>sources\managers</Filter>
    </ClCompile>
    <ClCompile Include="managers\postProcessingManager.cpp">
      <Filter>sources\managers</Filter>
    </ClCompile>
  </ItemGroup>
  <ItemGroup>
    <ClInclude Include="utilities\helpers.h">
      <Filter>sources\managers\utilities</Filter>
    </ClInclude>
    <ClInclude Include="utilities\timer.h">
      <Filter>sources\managers\utilities</Filter>
    </ClInclude>
    <ClInclude Include="resource.h" />
    <ClInclude Include="widgets\toggle\imgui_offset_rect.h">
      <Filter>widgets\toggle</Filter>
    </ClInclude>
    <ClInclude Include="widgets\toggle\imgui_toggle.h">
      <Filter>widgets\toggle</Filter>
    </ClInclude>
    <ClInclude Include="widgets\toggle\imgui_toggle_math.h">
      <Filter>widgets\toggle</Filter>
    </ClInclude>
    <ClInclude Include="widgets\toggle\imgui_toggle_palette.h">
      <Filter>widgets\toggle</Filter>
    </ClInclude>
    <ClInclude Include="widgets\toggle\imgui_toggle_presets.h">
      <Filter>widgets\toggle</Filter>
    </ClInclude>
    <ClInclude Include="widgets\toggle\imgui_toggle_renderer.h">
      <Filter>widgets\toggle</Filter>
    </ClInclude>
    <ClInclude Include="managers\sceneManager.h">
      <Filter>sources\managers</Filter>
    </ClInclude>
    <ClInclude Include="managers\renderManager.h">
      <Filter>sources\managers</Filter>
    </ClInclude>
    <ClInclude Include="themes\imgui_spectrum.h">
      <Filter>sources\themes</Filter>
    </ClInclude>
    <ClInclude Include="misc\pixel.h">
      <Filter>misc</Filter>
    </ClInclude>
    <ClInclude Include="misc\point3.h">
      <Filter>misc</Filter>
    </ClInclude>
    <ClInclude Include="misc\scene.h">
      <Filter>misc</Filter>
    </ClInclude>
    <ClInclude Include="misc\sceneSettings.h">
      <Filter>misc</Filter>
    </ClInclude>
    <ClInclude Include="..\imgui_internal.h">
      <Filter>imgui</Filter>
    </ClInclude>
    <ClInclude Include="..\imgui.h">
      <Filter>imgui</Filter>
    </ClInclude>
    <ClInclude Include="..\imconfig.h">
      <Filter>imgui</Filter>
    </ClInclude>
    <ClInclude Include="widgets\filedialog\ImGuiFileDialog.h">
      <Filter>widgets\filedialog</Filter>
    </ClInclude>
    <ClInclude Include="widgets\filedialog\ImGuiFileDialogConfig.h">
      <Filter>widgets\filedialog</Filter>
    </ClInclude>
    <ClInclude Include="widgets\icon\IconsForkAwesome.h">
      <Filter>widgets\icon</Filter>
    </ClInclude>
    <ClInclude Include="..\backends\imgui_impl_opengl3_loader.h">
      <Filter>sources\backends</Filter>
    </ClInclude>
    <ClInclude Include="..\backends\imgui_impl_opengl3.h">
      <Filter>sources\backends</Filter>
    </ClInclude>
    <ClInclude Include="..\backends\imgui_impl_glfw.h">
      <Filter>sources\backends</Filter>
    </ClInclude>
    <ClInclude Include="managers\denoiserManager.h">
      <Filter>sources\managers</Filter>
    </ClInclude>
    <ClInclude Include="misc\renderState.h">
      <Filter>misc</Filter>
    </ClInclude>
    <ClInclude Include="managers\postProcessingManager.h">
      <Filter>sources\managers</Filter>
    </ClInclude>
    <ClInclude Include="widgets\tabbar\tabbar.h">
      <Filter>widgets\tabbar</Filter>
    </ClInclude>
  </ItemGroup>
  <ItemGroup>
    <None Include="..\misc\debuggers\imgui.natstepfilter">
      <Filter>imgui</Filter>
    </None>
    <None Include="..\misc\debuggers\imgui.natvis">
      <Filter>imgui</Filter>
    </None>
  </ItemGroup>
  <ItemGroup>
    <ResourceCompile Include="UI.rc" />
  </ItemGroup>
  <ItemGroup>
    <Image Include="app.ico" />
    <Image Include="app.png" />
  </ItemGroup>
</Project>