<?xml version="1.0" encoding="utf-8"?>
<Project ToolsVersion="4.0" xmlns="http://schemas.microsoft.com/developer/msbuild/2003">
  <ItemGroup>
    <Filter Include="Fichiers sources">
      <UniqueIdentifier>{4FC737F1-C7A5-4376-A066-2A32D752A2FF}</UniqueIdentifier>
      <Extensions>cpp;c;cc;cxx;c++;cppm;ixx;def;odl;idl;hpj;bat;asm;asmx</Extensions>
    </Filter>
    <Filter Include="Fichiers d%27en-tête">
      <UniqueIdentifier>{93995380-89BD-4b04-88EB-625FBE52EBFB}</UniqueIdentifier>
      <Extensions>h;hh;hpp;hxx;h++;hm;inl;inc;ipp;xsd</Extensions>
    </Filter>
    <Filter Include="Fichiers de ressources">
      <UniqueIdentifier>{67DA6AB6-F800-4c08-8B7A-83BB121AAD01}</UniqueIdentifier>
      <Extensions>rc;ico;cur;bmp;dlg;rc2;rct;bin;rgs;gif;jpg;jpeg;jpe;resx;tiff;tif;png;wav;mfcribbon-ms</Extensions>
    </Filter>
    <Filter Include="Fichiers d%27en-tête\primitives">
      <UniqueIdentifier>{4c62835d-24c2-4ec6-ac88-44c5d3494ea7}</UniqueIdentifier>
    </Filter>
    <Filter Include="Fichiers d%27en-tête\utilities">
      <UniqueIdentifier>{0208327e-7d2e-4881-b208-b6f4d6ffd7a6}</UniqueIdentifier>
    </Filter>
    <Filter Include="Fichiers d%27en-tête\materials">
      <UniqueIdentifier>{e0d35b65-8f79-4e62-864c-8d5f1cd622f8}</UniqueIdentifier>
    </Filter>
    <Filter Include="Fichiers d%27en-tête\textures">
      <UniqueIdentifier>{f2ed6f12-1ce7-4c52-8240-7fc40aed9abd}</UniqueIdentifier>
    </Filter>
    <Filter Include="Fichiers d%27en-tête\textures\base">
      <UniqueIdentifier>{87dcf89f-d4f8-49ec-a3d4-7ddb217af5b0}</UniqueIdentifier>
    </Filter>
    <Filter Include="Fichiers d%27en-tête\primitives\base">
      <UniqueIdentifier>{fca32679-7068-4857-b076-b6ad5856be14}</UniqueIdentifier>
    </Filter>
    <Filter Include="Fichiers d%27en-tête\materials\base">
      <UniqueIdentifier>{65cdf962-0c2a-4ce4-9ed5-737b1258da21}</UniqueIdentifier>
    </Filter>
    <Filter Include="Fichiers d%27en-tête\textures\fx">
      <UniqueIdentifier>{f77175aa-3494-465e-9fdc-373c8a2857f2}</UniqueIdentifier>
    </Filter>
    <Filter Include="Fichiers d%27en-tête\misc">
      <UniqueIdentifier>{8843170f-299a-4b33-b8cc-93b45ed7b5fe}</UniqueIdentifier>
    </Filter>
    <Filter Include="Fichiers d%27en-tête\cameras">
      <UniqueIdentifier>{ade314d1-aa8f-43f5-8c0f-7a09b1d7b2d7}</UniqueIdentifier>
    </Filter>
    <Filter Include="Fichiers d%27en-tête\lights">
      <UniqueIdentifier>{62089561-35ac-43a6-a802-3fa89e83aeec}</UniqueIdentifier>
    </Filter>
    <Filter Include="Fichiers d%27en-tête\lights\base">
      <UniqueIdentifier>{53f7dc24-e54c-4fd4-b68a-6fb420b7d33e}</UniqueIdentifier>
    </Filter>
    <Filter Include="Fichiers sources\utilities">
      <UniqueIdentifier>{f2c4d518-6bb3-4a06-8b17-4b24a3a64565}</UniqueIdentifier>
    </Filter>
    <Filter Include="Fichiers sources\misc">
      <UniqueIdentifier>{02d6b6a6-639f-4ad0-a685-f70a006ba3ca}</UniqueIdentifier>
    </Filter>
    <Filter Include="Fichiers sources\primitives">
      <UniqueIdentifier>{971b49d3-2350-4d19-8875-df169cd07450}</UniqueIdentifier>
    </Filter>
    <Filter Include="Fichiers sources\primitives\base">
      <UniqueIdentifier>{a4076978-c7ab-458f-918e-c5eff8bcfacf}</UniqueIdentifier>
    </Filter>
    <Filter Include="Fichiers sources\lights">
      <UniqueIdentifier>{3a83eb72-4f29-44bb-9923-fee8fb21f68a}</UniqueIdentifier>
    </Filter>
    <Filter Include="Fichiers sources\lights\base">
      <UniqueIdentifier>{ce9a4716-3888-497b-9c1e-daea4fcc3498}</UniqueIdentifier>
    </Filter>
    <Filter Include="Fichiers sources\cameras">
      <UniqueIdentifier>{fe38cf47-320f-44f9-99be-663451abd4af}</UniqueIdentifier>
    </Filter>
    <Filter Include="Fichiers sources\materials">
      <UniqueIdentifier>{19816b76-1d53-4e0c-b8ec-6d2d3e861c2a}</UniqueIdentifier>
    </Filter>
    <Filter Include="Fichiers sources\materials\base">
      <UniqueIdentifier>{b10d4f74-728e-40a9-ab8d-63d1767bed40}</UniqueIdentifier>
    </Filter>
    <Filter Include="Fichiers sources\textures">
      <UniqueIdentifier>{eaea1434-1757-4116-bfa9-8c6581b429c6}</UniqueIdentifier>
    </Filter>
    <Filter Include="Fichiers sources\textures\fx">
      <UniqueIdentifier>{7c2d3852-1289-47a0-a73b-2c0a6a4fae70}</UniqueIdentifier>
    </Filter>
    <Filter Include="Fichiers d%27en-tête\cameras\base">
      <UniqueIdentifier>{d2e46a6e-6942-4b46-bc45-c0a650f6e081}</UniqueIdentifier>
    </Filter>
    <Filter Include="Fichiers sources\cameras\base">
      <UniqueIdentifier>{d042ecef-3b3b-40b9-8b1b-e24833295b55}</UniqueIdentifier>
    </Filter>
    <Filter Include="Fichiers sources\primitives\transforms">
      <UniqueIdentifier>{915b2fe5-4258-41a3-8e56-c02bfae98822}</UniqueIdentifier>
    </Filter>
    <Filter Include="Fichiers sources\textures\base">
      <UniqueIdentifier>{30bc2afa-c3c4-4383-b596-8e3f3eb0ff85}</UniqueIdentifier>
    </Filter>
    <Filter Include="Fichiers sources\materials\emissive">
      <UniqueIdentifier>{104c7b1a-7c2c-4427-8103-479baaaf65ef}</UniqueIdentifier>
    </Filter>
    <Filter Include="Fichiers d%27en-tête\materials\emissive">
      <UniqueIdentifier>{07f427db-5754-41e0-8ea0-06f1767b8b95}</UniqueIdentifier>
    </Filter>
    <Filter Include="Fichiers d%27en-tête\primitives\transforms">
      <UniqueIdentifier>{c14e5676-adb2-409b-9acc-b0955178c17d}</UniqueIdentifier>
    </Filter>
    <Filter Include="Fichiers sources\scenes">
      <UniqueIdentifier>{b8cc211f-84e0-4753-b603-8d68b6379271}</UniqueIdentifier>
    </Filter>
    <Filter Include="Fichiers d%27en-tête\scenes">
      <UniqueIdentifier>{3438df6f-062c-4859-bafa-c2b7c78cd58d}</UniqueIdentifier>
    </Filter>
  </ItemGroup>
  <ItemGroup>
    <ClCompile Include="main.cpp">
      <Filter>Fichiers sources</Filter>
    </ClCompile>
    <ClCompile Include="utilities\bitmap_image.cpp">
      <Filter>Fichiers sources\utilities</Filter>
    </ClCompile>
    <ClCompile Include="utilities\interval.cpp">
      <Filter>Fichiers sources\utilities</Filter>
    </ClCompile>
    <ClCompile Include="misc\color.cpp">
      <Filter>Fichiers sources\misc</Filter>
    </ClCompile>
    <ClCompile Include="misc\ray.cpp">
      <Filter>Fichiers sources\misc</Filter>
    </ClCompile>
    <ClCompile Include="misc\hit_record.cpp">
      <Filter>Fichiers sources\misc</Filter>
    </ClCompile>
    <ClCompile Include="aabb.cpp">
      <Filter>Fichiers sources</Filter>
    </ClCompile>
    <ClCompile Include="primitives\sphere.cpp">
      <Filter>Fichiers sources\primitives</Filter>
    </ClCompile>
    <ClCompile Include="primitives\hittable.cpp">
      <Filter>Fichiers sources\primitives\base</Filter>
    </ClCompile>
    <ClCompile Include="primitives\hittable_list.cpp">
      <Filter>Fichiers sources\primitives\base</Filter>
    </ClCompile>
    <ClCompile Include="primitives\quad.cpp">
      <Filter>Fichiers sources\primitives</Filter>
    </ClCompile>
    <ClCompile Include="primitives\aarect.cpp">
      <Filter>Fichiers sources\primitives</Filter>
    </ClCompile>
    <ClCompile Include="primitives\box.cpp">
      <Filter>Fichiers sources\primitives</Filter>
    </ClCompile>
    <ClCompile Include="lights\sphere_light.cpp">
      <Filter>Fichiers sources\lights</Filter>
    </ClCompile>
    <ClCompile Include="lights\light.cpp">
      <Filter>Fichiers sources\lights\base</Filter>
    </ClCompile>
    <ClCompile Include="lights\quad_light.cpp">
      <Filter>Fichiers sources\lights</Filter>
    </ClCompile>
    <ClCompile Include="primitives\volume.cpp">
      <Filter>Fichiers sources\primitives</Filter>
    </ClCompile>
    <ClCompile Include="bvh_node.cpp">
      <Filter>Fichiers sources</Filter>
    </ClCompile>
    <ClCompile Include="pdf.cpp">
      <Filter>Fichiers sources</Filter>
    </ClCompile>
    <ClCompile Include="cameras\target_camera.cpp">
      <Filter>Fichiers sources\cameras</Filter>
    </ClCompile>
    <ClCompile Include="materials\dielectric.cpp">
      <Filter>Fichiers sources\materials</Filter>
    </ClCompile>
    <ClCompile Include="materials\isotropic.cpp">
      <Filter>Fichiers sources\materials</Filter>
    </ClCompile>
    <ClCompile Include="materials\lambertian.cpp">
      <Filter>Fichiers sources\materials</Filter>
    </ClCompile>
    <ClCompile Include="materials\metal.cpp">
      <Filter>Fichiers sources\materials</Filter>
    </ClCompile>
    <ClCompile Include="materials\material .cpp">
      <Filter>Fichiers sources\materials\base</Filter>
    </ClCompile>
    <ClCompile Include="textures\alpha_texture.cpp">
      <Filter>Fichiers sources\textures</Filter>
    </ClCompile>
    <ClCompile Include="textures\bump_texture.cpp">
      <Filter>Fichiers sources\textures</Filter>
    </ClCompile>
    <ClCompile Include="textures\checker_texture.cpp">
      <Filter>Fichiers sources\textures</Filter>
    </ClCompile>
    <ClCompile Include="textures\gradient_texture.cpp">
      <Filter>Fichiers sources\textures</Filter>
    </ClCompile>
    <ClCompile Include="textures\image_texture.cpp">
      <Filter>Fichiers sources\textures</Filter>
    </ClCompile>
    <ClCompile Include="textures\marble_texture.cpp">
      <Filter>Fichiers sources\textures</Filter>
    </ClCompile>
    <ClCompile Include="textures\perlin_noise_texture.cpp">
      <Filter>Fichiers sources\textures</Filter>
    </ClCompile>
    <ClCompile Include="textures\roughness_texture.cpp">
      <Filter>Fichiers sources\textures</Filter>
    </ClCompile>
    <ClCompile Include="textures\solid_color_texture.cpp">
      <Filter>Fichiers sources\textures</Filter>
    </ClCompile>
    <ClCompile Include="onb.cpp">
      <Filter>Fichiers sources</Filter>
    </ClCompile>
    <ClCompile Include="primitives\cylinder.cpp">
      <Filter>Fichiers sources\primitives</Filter>
    </ClCompile>
    <ClCompile Include="textures\perlin.cpp">
      <Filter>Fichiers sources\textures\fx</Filter>
    </ClCompile>
    <ClCompile Include="materials\oren_nayar.cpp">
      <Filter>Fichiers sources\materials</Filter>
    </ClCompile>
    <ClCompile Include="misc\scene.cpp">
      <Filter>Fichiers sources\misc</Filter>
    </ClCompile>
    <ClCompile Include="cameras\camera.cpp">
      <Filter>Fichiers sources\cameras\base</Filter>
    </ClCompile>
    <ClCompile Include="renderer.cpp">
      <Filter>Fichiers sources</Filter>
    </ClCompile>
    <ClCompile Include="primitives\translate.cpp">
      <Filter>Fichiers sources\primitives\transforms</Filter>
    </ClCompile>
    <ClCompile Include="primitives\flip_normals.cpp">
      <Filter>Fichiers sources\primitives\transforms</Filter>
    </ClCompile>
    <ClCompile Include="textures\texture.cpp">
      <Filter>Fichiers sources\textures\base</Filter>
    </ClCompile>
    <ClCompile Include="materials\anisotropic.cpp">
      <Filter>Fichiers sources\materials</Filter>
    </ClCompile>
    <ClCompile Include="materials\diffuse_light.cpp">
      <Filter>Fichiers sources\materials\emissive</Filter>
    </ClCompile>
    <ClCompile Include="primitives\cone.cpp">
      <Filter>Fichiers sources\primitives</Filter>
    </ClCompile>
    <ClCompile Include="primitives\disk.cpp">
      <Filter>Fichiers sources\primitives</Filter>
    </ClCompile>
    <ClCompile Include="primitives\torus.cpp">
      <Filter>Fichiers sources\primitives</Filter>
    </ClCompile>
    <ClCompile Include="primitives\scale.cpp">
      <Filter>Fichiers sources\primitives\transforms</Filter>
    </ClCompile>
    <ClCompile Include="primitives\rotate.cpp">
      <Filter>Fichiers sources\primitives\transforms</Filter>
    </ClCompile>
    <ClCompile Include="utilities\uvmapping.cpp">
      <Filter>Fichiers sources\utilities</Filter>
    </ClCompile>
    <ClCompile Include="materials\mtl_material.cpp">
      <Filter>Fichiers sources\materials</Filter>
    </ClCompile>
    <ClCompile Include="materials\glossy.cpp">
      <Filter>Fichiers sources\materials</Filter>
    </ClCompile>
    <ClCompile Include="textures\roughness_from_sharpness_texture.cpp">
      <Filter>Fichiers sources\textures</Filter>
    </ClCompile>
    <ClCompile Include="primitives\triangle.cpp">
      <Filter>Fichiers sources\primitives</Filter>
    </ClCompile>
    <ClCompile Include="aabb_debug.cpp">
      <Filter>Fichiers sources</Filter>
    </ClCompile>
    <ClCompile Include="misc\transform.cpp">
      <Filter>Fichiers sources\misc</Filter>
    </ClCompile>
    <ClCompile Include="utilities\rtw_stb_obj_loader.cpp">
      <Filter>Fichiers sources\utilities</Filter>
    </ClCompile>
    <ClCompile Include="utilities\randomizer.cpp">
      <Filter>Fichiers sources\utilities</Filter>
    </ClCompile>
    <ClCompile Include="textures\normal_texture.cpp">
      <Filter>Fichiers sources\textures</Filter>
    </ClCompile>
    <ClCompile Include="materials\phong.cpp">
      <Filter>Fichiers sources\materials</Filter>
    </ClCompile>
    <ClCompile Include="scenes\scene_builder.cpp">
      <Filter>Fichiers sources\scenes</Filter>
    </ClCompile>
    <ClCompile Include="scenes\scene_loader.cpp">
      <Filter>Fichiers sources\scenes</Filter>
    </ClCompile>
    <ClCompile Include="scenes\scene_manager.cpp">
      <Filter>Fichiers sources\scenes</Filter>
    </ClCompile>
    <ClCompile Include="scenes\scene_factory.cpp">
      <Filter>Fichiers sources\scenes</Filter>
    </ClCompile>
    <ClCompile Include="misc\timer.cpp">
      <Filter>Fichiers sources\misc</Filter>
    </ClCompile>
    <ClCompile Include="lights\spot_light.cpp">
      <Filter>Fichiers sources\lights</Filter>
    </ClCompile>
    <ClCompile Include="materials\diffuse_spot_light.cpp">
      <Filter>Fichiers sources\materials\emissive</Filter>
    </ClCompile>
    <ClCompile Include="lights\spot_light2.cpp">
      <Filter>Fichiers sources\lights</Filter>
    </ClCompile>
  </ItemGroup>
  <ItemGroup>
    <ClInclude Include="utilities\interval.h">
      <Filter>Fichiers d%27en-tête\utilities</Filter>
    </ClInclude>
    <ClInclude Include="aabb.h">
      <Filter>Fichiers d%27en-tête</Filter>
    </ClInclude>
    <ClInclude Include="bvh_node.h">
      <Filter>Fichiers d%27en-tête</Filter>
    </ClInclude>
    <ClInclude Include="primitives\quad.h">
      <Filter>Fichiers d%27en-tête\primitives</Filter>
    </ClInclude>
    <ClInclude Include="materials\lambertian.h">
      <Filter>Fichiers d%27en-tête\materials</Filter>
    </ClInclude>
    <ClInclude Include="materials\metal.h">
      <Filter>Fichiers d%27en-tête\materials</Filter>
    </ClInclude>
    <ClInclude Include="materials\dielectric.h">
      <Filter>Fichiers d%27en-tête\materials</Filter>
    </ClInclude>
    <ClInclude Include="materials\isotropic.h">
      <Filter>Fichiers d%27en-tête\materials</Filter>
    </ClInclude>
    <ClInclude Include="primitives\hittable_list.h">
      <Filter>Fichiers d%27en-tête\primitives\base</Filter>
    </ClInclude>
    <ClInclude Include="primitives\hittable.h">
      <Filter>Fichiers d%27en-tête\primitives\base</Filter>
    </ClInclude>
    <ClInclude Include="materials\material.h">
      <Filter>Fichiers d%27en-tête\materials\base</Filter>
    </ClInclude>
    <ClInclude Include="textures\texture.h">
      <Filter>Fichiers d%27en-tête\textures\base</Filter>
    </ClInclude>
    <ClInclude Include="textures\solid_color_texture.h">
      <Filter>Fichiers d%27en-tête\textures</Filter>
    </ClInclude>
    <ClInclude Include="textures\checker_texture.h">
      <Filter>Fichiers d%27en-tête\textures</Filter>
    </ClInclude>
    <ClInclude Include="textures\image_texture.h">
      <Filter>Fichiers d%27en-tête\textures</Filter>
    </ClInclude>
    <ClInclude Include="textures\perlin_noise_texture.h">
      <Filter>Fichiers d%27en-tête\textures</Filter>
    </ClInclude>
    <ClInclude Include="cameras\target_camera.h">
      <Filter>Fichiers d%27en-tête\cameras</Filter>
    </ClInclude>
    <ClInclude Include="textures\perlin.h">
      <Filter>Fichiers d%27en-tête\textures\fx</Filter>
    </ClInclude>
    <ClInclude Include="misc\color.h">
      <Filter>Fichiers d%27en-tête\misc</Filter>
    </ClInclude>
    <ClInclude Include="misc\ray.h">
      <Filter>Fichiers d%27en-tête\misc</Filter>
    </ClInclude>
    <ClInclude Include="primitives\cylinder.h">
      <Filter>Fichiers d%27en-tête\primitives</Filter>
    </ClInclude>
    <ClInclude Include="utilities\math_utils.h">
      <Filter>Fichiers d%27en-tête\utilities</Filter>
    </ClInclude>
    <ClInclude Include="utilities\types.h">
      <Filter>Fichiers d%27en-tête\utilities</Filter>
    </ClInclude>
    <ClInclude Include="utilities\bitmap_image.h">
      <Filter>Fichiers d%27en-tête\utilities</Filter>
    </ClInclude>
    <ClInclude Include="primitives\volume.h">
      <Filter>Fichiers d%27en-tête\primitives</Filter>
    </ClInclude>
    <ClInclude Include="textures\marble_texture.h">
      <Filter>Fichiers d%27en-tête\textures</Filter>
    </ClInclude>
    <ClInclude Include="textures\gradient_texture.h">
      <Filter>Fichiers d%27en-tête\textures</Filter>
    </ClInclude>
    <ClInclude Include="textures\alpha_texture.h">
      <Filter>Fichiers d%27en-tête\textures</Filter>
    </ClInclude>
    <ClInclude Include="textures\bump_texture.h">
      <Filter>Fichiers d%27en-tête\textures</Filter>
    </ClInclude>
    <ClInclude Include="primitives\sphere.h">
      <Filter>Fichiers d%27en-tête\primitives</Filter>
    </ClInclude>
    <ClInclude Include="lights\sphere_light.h">
      <Filter>Fichiers d%27en-tête\lights</Filter>
    </ClInclude>
    <ClInclude Include="lights\light.h">
      <Filter>Fichiers d%27en-tête\lights\base</Filter>
    </ClInclude>
    <ClInclude Include="lights\quad_light.h">
      <Filter>Fichiers d%27en-tête\lights</Filter>
    </ClInclude>
    <ClInclude Include="textures\roughness_texture.h">
      <Filter>Fichiers d%27en-tête\textures</Filter>
    </ClInclude>
    <ClInclude Include="primitives\aarect.h">
      <Filter>Fichiers d%27en-tête\primitives</Filter>
    </ClInclude>
    <ClInclude Include="primitives\box.h">
      <Filter>Fichiers d%27en-tête\primitives</Filter>
    </ClInclude>
    <ClInclude Include="misc\scatter_record.h">
      <Filter>Fichiers d%27en-tête\misc</Filter>
    </ClInclude>
    <ClInclude Include="misc\hit_record.h">
      <Filter>Fichiers d%27en-tête\misc</Filter>
    </ClInclude>
    <ClInclude Include="pdf.h">
      <Filter>Fichiers d%27en-tête</Filter>
    </ClInclude>
    <ClInclude Include="onb.h">
      <Filter>Fichiers d%27en-tête</Filter>
    </ClInclude>
    <ClInclude Include="materials\oren_nayar.h">
      <Filter>Fichiers d%27en-tête\materials</Filter>
    </ClInclude>
    <ClInclude Include="misc\scene.h">
      <Filter>Fichiers d%27en-tête\misc</Filter>
    </ClInclude>
    <ClInclude Include="cameras\camera.h">
      <Filter>Fichiers d%27en-tête\cameras\base</Filter>
    </ClInclude>
    <ClInclude Include="renderer.h">
      <Filter>Fichiers d%27en-tête</Filter>
    </ClInclude>
    <ClInclude Include="materials\anisotropic.h">
      <Filter>Fichiers d%27en-tête\materials</Filter>
    </ClInclude>
    <ClInclude Include="materials\diffuse_light.h">
      <Filter>Fichiers d%27en-tête\materials\emissive</Filter>
    </ClInclude>
    <ClInclude Include="primitives\cone.h">
      <Filter>Fichiers d%27en-tête\primitives</Filter>
    </ClInclude>
    <ClInclude Include="primitives\disk.h">
      <Filter>Fichiers d%27en-tête\primitives</Filter>
    </ClInclude>
    <ClInclude Include="primitives\torus.h">
      <Filter>Fichiers d%27en-tête\primitives</Filter>
    </ClInclude>
    <ClInclude Include="primitives\flip_normals.h">
      <Filter>Fichiers d%27en-tête\primitives\transforms</Filter>
    </ClInclude>
    <ClInclude Include="primitives\translate.h">
      <Filter>Fichiers d%27en-tête\primitives\transforms</Filter>
    </ClInclude>
    <ClInclude Include="primitives\scale.h">
      <Filter>Fichiers d%27en-tête\primitives\transforms</Filter>
    </ClInclude>
    <ClInclude Include="primitives\rotate.h">
      <Filter>Fichiers d%27en-tête\primitives\transforms</Filter>
    </ClInclude>
    <ClInclude Include="utilities\uvmapping.h">
      <Filter>Fichiers d%27en-tête\utilities</Filter>
    </ClInclude>
    <ClInclude Include="materials\mtl_material.h">
      <Filter>Fichiers d%27en-tête\materials</Filter>
    </ClInclude>
    <ClInclude Include="materials\glossy.h">
      <Filter>Fichiers d%27en-tête\materials</Filter>
    </ClInclude>
    <ClInclude Include="textures\roughness_from_sharpness_texture.h">
      <Filter>Fichiers d%27en-tête\textures</Filter>
    </ClInclude>
    <ClInclude Include="utilities\rtw_stb_obj_loader.h">
      <Filter>Fichiers d%27en-tête\utilities</Filter>
    </ClInclude>
    <ClInclude Include="primitives\triangle.h">
      <Filter>Fichiers d%27en-tête\primitives</Filter>
    </ClInclude>
    <ClInclude Include="aabb_debug.h">
      <Filter>Fichiers d%27en-tête</Filter>
    </ClInclude>
    <ClInclude Include="misc\transform.h">
      <Filter>Fichiers d%27en-tête\misc</Filter>
    </ClInclude>
    <ClInclude Include="utilities\randomizer.h">
      <Filter>Fichiers d%27en-tête\utilities</Filter>
    </ClInclude>
    <ClInclude Include="constants.h">
      <Filter>Fichiers d%27en-tête</Filter>
    </ClInclude>
    <ClInclude Include="textures\normal_texture.h">
      <Filter>Fichiers d%27en-tête\textures</Filter>
    </ClInclude>
    <ClInclude Include="materials\phong.h">
      <Filter>Fichiers d%27en-tête\materials</Filter>
    </ClInclude>
    <ClInclude Include="utilities\helpers.h">
      <Filter>Fichiers d%27en-tête\utilities</Filter>
    </ClInclude>
    <ClInclude Include="scenes\scene_manager.h">
      <Filter>Fichiers d%27en-tête\scenes</Filter>
    </ClInclude>
    <ClInclude Include="scenes\scene_loader.h">
      <Filter>Fichiers d%27en-tête\scenes</Filter>
    </ClInclude>
    <ClInclude Include="scenes\scene_builder.h">
      <Filter>Fichiers d%27en-tête\scenes</Filter>
    </ClInclude>
    <ClInclude Include="scenes\scene_factory.h">
      <Filter>Fichiers d%27en-tête\scenes</Filter>
    </ClInclude>
    <ClInclude Include="misc\timer.h">
      <Filter>Fichiers d%27en-tête\misc</Filter>
    </ClInclude>
    <ClInclude Include="misc\singleton.h">
      <Filter>Fichiers d%27en-tête\misc</Filter>
    </ClInclude>
    <ClInclude Include="misc\renderParameters.h">
      <Filter>Fichiers d%27en-tête\misc</Filter>
    </ClInclude>
    <ClInclude Include="lights\spot_light.h">
      <Filter>Fichiers d%27en-tête\lights</Filter>
    </ClInclude>
    <ClInclude Include="materials\diffuse_spot_light.h">
      <Filter>Fichiers d%27en-tête\materials\emissive</Filter>
    </ClInclude>
    <ClInclude Include="lights\spot_light2.h">
      <Filter>Fichiers d%27en-tête\lights</Filter>
    </ClInclude>
  </ItemGroup>
</Project>