<?xml version="1.0" encoding="utf-8"?>
<Project ToolsVersion="4.0" xmlns="http://schemas.microsoft.com/developer/msbuild/2003">
  <ItemGroup>
    <Filter Include="Fichiers sources">
      <UniqueIdentifier>{4FC737F1-C7A5-4376-A066-2A32D752A2FF}</UniqueIdentifier>
      <Extensions>cpp;c;cc;cxx;c++;cppm;ixx;def;odl;idl;hpj;bat;asm;asmx</Extensions>
    </Filter>
    <Filter Include="Fichiers d%27en-tête">
      <UniqueIdentifier>{93995380-89BD-4b04-88EB-625FBE52EBFB}</UniqueIdentifier>
      <Extensions>h;hh;hpp;hxx;h++;hm;inl;inc;ipp;xsd</Extensions>
    </Filter>
    <Filter Include="Fichiers de ressources">
      <UniqueIdentifier>{67DA6AB6-F800-4c08-8B7A-83BB121AAD01}</UniqueIdentifier>
      <Extensions>rc;ico;cur;bmp;dlg;rc2;rct;bin;rgs;gif;jpg;jpeg;jpe;resx;tiff;tif;png;wav;mfcribbon-ms</Extensions>
    </Filter>
    <Filter Include="Fichiers d%27en-tête\primitives">
      <UniqueIdentifier>{4c62835d-24c2-4ec6-ac88-44c5d3494ea7}</UniqueIdentifier>
    </Filter>
    <Filter Include="Fichiers d%27en-tête\builders">
      <UniqueIdentifier>{3438df6f-062c-4859-bafa-c2b7c78cd58d}</UniqueIdentifier>
    </Filter>
    <Filter Include="Fichiers d%27en-tête\utilities">
      <UniqueIdentifier>{0208327e-7d2e-4881-b208-b6f4d6ffd7a6}</UniqueIdentifier>
    </Filter>
    <Filter Include="Fichiers d%27en-tête\materials">
      <UniqueIdentifier>{e0d35b65-8f79-4e62-864c-8d5f1cd622f8}</UniqueIdentifier>
    </Filter>
    <Filter Include="Fichiers d%27en-tête\textures">
      <UniqueIdentifier>{f2ed6f12-1ce7-4c52-8240-7fc40aed9abd}</UniqueIdentifier>
    </Filter>
    <Filter Include="Fichiers d%27en-tête\textures\base">
      <UniqueIdentifier>{87dcf89f-d4f8-49ec-a3d4-7ddb217af5b0}</UniqueIdentifier>
    </Filter>
    <Filter Include="Fichiers d%27en-tête\primitives\base">
      <UniqueIdentifier>{fca32679-7068-4857-b076-b6ad5856be14}</UniqueIdentifier>
    </Filter>
    <Filter Include="Fichiers d%27en-tête\materials\base">
      <UniqueIdentifier>{65cdf962-0c2a-4ce4-9ed5-737b1258da21}</UniqueIdentifier>
    </Filter>
    <Filter Include="Fichiers d%27en-tête\textures\fx">
      <UniqueIdentifier>{f77175aa-3494-465e-9fdc-373c8a2857f2}</UniqueIdentifier>
    </Filter>
    <Filter Include="Fichiers d%27en-tête\misc">
      <UniqueIdentifier>{8843170f-299a-4b33-b8cc-93b45ed7b5fe}</UniqueIdentifier>
    </Filter>
    <Filter Include="Fichiers d%27en-tête\cameras">
      <UniqueIdentifier>{ade314d1-aa8f-43f5-8c0f-7a09b1d7b2d7}</UniqueIdentifier>
    </Filter>
  </ItemGroup>
  <ItemGroup>
    <ClCompile Include="MyOwnRayTracer.cpp">
      <Filter>Fichiers sources</Filter>
    </ClCompile>
  </ItemGroup>
  <ItemGroup>
    <ClInclude Include="constants.h">
      <Filter>Fichiers d%27en-tête\utilities</Filter>
    </ClInclude>
    <ClInclude Include="interval.h">
      <Filter>Fichiers d%27en-tête\utilities</Filter>
    </ClInclude>
    <ClInclude Include="worldbuilder.h">
      <Filter>Fichiers d%27en-tête\builders</Filter>
    </ClInclude>
    <ClInclude Include="renderParameters.h">
      <Filter>Fichiers d%27en-tête</Filter>
    </ClInclude>
    <ClInclude Include="aabb.h">
      <Filter>Fichiers d%27en-tête</Filter>
    </ClInclude>
    <ClInclude Include="bvh.h">
      <Filter>Fichiers d%27en-tête</Filter>
    </ClInclude>
    <ClInclude Include="timer.h">
      <Filter>Fichiers d%27en-tête\utilities</Filter>
    </ClInclude>
    <ClInclude Include="primitives\quad.h">
      <Filter>Fichiers d%27en-tête\primitives</Filter>
    </ClInclude>
    <ClInclude Include="primitives\sphere.h">
      <Filter>Fichiers d%27en-tête\primitives</Filter>
    </ClInclude>
    <ClInclude Include="materials\lambertian.h">
      <Filter>Fichiers d%27en-tête\materials</Filter>
    </ClInclude>
    <ClInclude Include="materials\metal.h">
      <Filter>Fichiers d%27en-tête\materials</Filter>
    </ClInclude>
    <ClInclude Include="materials\dielectric.h">
      <Filter>Fichiers d%27en-tête\materials</Filter>
    </ClInclude>
    <ClInclude Include="materials\diffuse_light.h">
      <Filter>Fichiers d%27en-tête\materials</Filter>
    </ClInclude>
    <ClInclude Include="materials\isotropic.h">
      <Filter>Fichiers d%27en-tête\materials</Filter>
    </ClInclude>
    <ClInclude Include="primitives\hittable_list.h">
      <Filter>Fichiers d%27en-tête\primitives\base</Filter>
    </ClInclude>
    <ClInclude Include="primitives\hittable.h">
      <Filter>Fichiers d%27en-tête\primitives\base</Filter>
    </ClInclude>
    <ClInclude Include="materials\material.h">
      <Filter>Fichiers d%27en-tête\materials\base</Filter>
    </ClInclude>
    <ClInclude Include="textures\texture.h">
      <Filter>Fichiers d%27en-tête\textures\base</Filter>
    </ClInclude>
    <ClInclude Include="textures\solid_color_texture.h">
      <Filter>Fichiers d%27en-tête\textures</Filter>
    </ClInclude>
    <ClInclude Include="textures\checker_texture.h">
      <Filter>Fichiers d%27en-tête\textures</Filter>
    </ClInclude>
    <ClInclude Include="textures\image_texture.h">
      <Filter>Fichiers d%27en-tête\textures</Filter>
    </ClInclude>
    <ClInclude Include="textures\perlin_noise_texture.h">
      <Filter>Fichiers d%27en-tête\textures</Filter>
    </ClInclude>
    <ClInclude Include="cameras\camera.h">
      <Filter>Fichiers d%27en-tête\cameras</Filter>
    </ClInclude>
    <ClInclude Include="textures\perlin.h">
      <Filter>Fichiers d%27en-tête\textures\fx</Filter>
    </ClInclude>
    <ClInclude Include="misc\color.h">
      <Filter>Fichiers d%27en-tête\misc</Filter>
    </ClInclude>
    <ClInclude Include="misc\ray.h">
      <Filter>Fichiers d%27en-tête\misc</Filter>
    </ClInclude>
    <ClInclude Include="primitives\cylinder.h">
      <Filter>Fichiers d%27en-tête\primitives</Filter>
    </ClInclude>
    <ClInclude Include="primitives\Mesh.h">
      <Filter>Fichiers d%27en-tête\primitives</Filter>
    </ClInclude>
    <ClInclude Include="utilities\math_utils.h">
      <Filter>Fichiers d%27en-tête\utilities</Filter>
    </ClInclude>
    <ClInclude Include="utilities\types.h">
      <Filter>Fichiers d%27en-tête\utilities</Filter>
    </ClInclude>
    <ClInclude Include="utilities\bitmap_image.h">
      <Filter>Fichiers d%27en-tête\utilities</Filter>
    </ClInclude>
    <ClInclude Include="primitives\volume.h">
      <Filter>Fichiers d%27en-tête\primitives</Filter>
    </ClInclude>
    <ClInclude Include="materials\glossy.h">
      <Filter>Fichiers d%27en-tête\materials</Filter>
    </ClInclude>
    <ClInclude Include="onb.h">
      <Filter>Fichiers d%27en-tête\utilities</Filter>
    </ClInclude>
    <ClInclude Include="pdf.h">
      <Filter>Fichiers d%27en-tête\utilities</Filter>
    </ClInclude>
    <ClInclude Include="textures\marble_texture.h">
      <Filter>Fichiers d%27en-tête\textures</Filter>
    </ClInclude>
    <ClInclude Include="materials\phong.h">
      <Filter>Fichiers d%27en-tête\materials</Filter>
    </ClInclude>
    <ClInclude Include="materials\blend.h">
      <Filter>Fichiers d%27en-tête\materials</Filter>
    </ClInclude>
  </ItemGroup>
</Project>