<?xml version="1.0" encoding="utf-8"?>
<Project ToolsVersion="4.0" xmlns="http://schemas.microsoft.com/developer/msbuild/2003">
  <ItemGroup>
    <Filter Include="Fichiers sources">
      <UniqueIdentifier>{4FC737F1-C7A5-4376-A066-2A32D752A2FF}</UniqueIdentifier>
      <Extensions>cpp;c;cc;cxx;c++;cppm;ixx;def;odl;idl;hpj;bat;asm;asmx</Extensions>
    </Filter>
    <Filter Include="Fichiers d%27en-tête">
      <UniqueIdentifier>{93995380-89BD-4b04-88EB-625FBE52EBFB}</UniqueIdentifier>
      <Extensions>h;hh;hpp;hxx;h++;hm;inl;inc;ipp;xsd</Extensions>
    </Filter>
    <Filter Include="Fichiers de ressources">
      <UniqueIdentifier>{67DA6AB6-F800-4c08-8B7A-83BB121AAD01}</UniqueIdentifier>
      <Extensions>rc;ico;cur;bmp;dlg;rc2;rct;bin;rgs;gif;jpg;jpeg;jpe;resx;tiff;tif;png;wav;mfcribbon-ms</Extensions>
    </Filter>
    <Filter Include="Fichiers d%27en-tête\primitives">
      <UniqueIdentifier>{4c62835d-24c2-4ec6-ac88-44c5d3494ea7}</UniqueIdentifier>
    </Filter>
    <Filter Include="Fichiers d%27en-tête\utilities">
      <UniqueIdentifier>{0208327e-7d2e-4881-b208-b6f4d6ffd7a6}</UniqueIdentifier>
    </Filter>
    <Filter Include="Fichiers d%27en-tête\materials">
      <UniqueIdentifier>{e0d35b65-8f79-4e62-864c-8d5f1cd622f8}</UniqueIdentifier>
    </Filter>
    <Filter Include="Fichiers d%27en-tête\textures">
      <UniqueIdentifier>{f2ed6f12-1ce7-4c52-8240-7fc40aed9abd}</UniqueIdentifier>
    </Filter>
    <Filter Include="Fichiers d%27en-tête\textures\base">
      <UniqueIdentifier>{87dcf89f-d4f8-49ec-a3d4-7ddb217af5b0}</UniqueIdentifier>
    </Filter>
    <Filter Include="Fichiers d%27en-tête\primitives\base">
      <UniqueIdentifier>{fca32679-7068-4857-b076-b6ad5856be14}</UniqueIdentifier>
    </Filter>
    <Filter Include="Fichiers d%27en-tête\materials\base">
      <UniqueIdentifier>{65cdf962-0c2a-4ce4-9ed5-737b1258da21}</UniqueIdentifier>
    </Filter>
    <Filter Include="Fichiers d%27en-tête\textures\fx">
      <UniqueIdentifier>{f77175aa-3494-465e-9fdc-373c8a2857f2}</UniqueIdentifier>
    </Filter>
    <Filter Include="Fichiers d%27en-tête\misc">
      <UniqueIdentifier>{8843170f-299a-4b33-b8cc-93b45ed7b5fe}</UniqueIdentifier>
    </Filter>
    <Filter Include="Fichiers d%27en-tête\cameras">
      <UniqueIdentifier>{ade314d1-aa8f-43f5-8c0f-7a09b1d7b2d7}</UniqueIdentifier>
    </Filter>
    <Filter Include="Fichiers d%27en-tête\lights">
      <UniqueIdentifier>{62089561-35ac-43a6-a802-3fa89e83aeec}</UniqueIdentifier>
    </Filter>
    <Filter Include="Fichiers d%27en-tête\lights\base">
      <UniqueIdentifier>{53f7dc24-e54c-4fd4-b68a-6fb420b7d33e}</UniqueIdentifier>
    </Filter>
    <Filter Include="Fichiers sources\utilities">
      <UniqueIdentifier>{f2c4d518-6bb3-4a06-8b17-4b24a3a64565}</UniqueIdentifier>
    </Filter>
    <Filter Include="Fichiers sources\misc">
      <UniqueIdentifier>{02d6b6a6-639f-4ad0-a685-f70a006ba3ca}</UniqueIdentifier>
    </Filter>
    <Filter Include="Fichiers sources\primitives">
      <UniqueIdentifier>{971b49d3-2350-4d19-8875-df169cd07450}</UniqueIdentifier>
    </Filter>
    <Filter Include="Fichiers sources\primitives\base">
      <UniqueIdentifier>{a4076978-c7ab-458f-918e-c5eff8bcfacf}</UniqueIdentifier>
    </Filter>
    <Filter Include="Fichiers sources\lights">
      <UniqueIdentifier>{3a83eb72-4f29-44bb-9923-fee8fb21f68a}</UniqueIdentifier>
    </Filter>
    <Filter Include="Fichiers sources\lights\base">
      <UniqueIdentifier>{ce9a4716-3888-497b-9c1e-daea4fcc3498}</UniqueIdentifier>
    </Filter>
    <Filter Include="Fichiers sources\cameras">
      <UniqueIdentifier>{fe38cf47-320f-44f9-99be-663451abd4af}</UniqueIdentifier>
    </Filter>
    <Filter Include="Fichiers sources\materials">
      <UniqueIdentifier>{19816b76-1d53-4e0c-b8ec-6d2d3e861c2a}</UniqueIdentifier>
    </Filter>
    <Filter Include="Fichiers sources\materials\base">
      <UniqueIdentifier>{b10d4f74-728e-40a9-ab8d-63d1767bed40}</UniqueIdentifier>
    </Filter>
    <Filter Include="Fichiers sources\textures">
      <UniqueIdentifier>{eaea1434-1757-4116-bfa9-8c6581b429c6}</UniqueIdentifier>
    </Filter>
    <Filter Include="Fichiers sources\textures\fx">
      <UniqueIdentifier>{7c2d3852-1289-47a0-a73b-2c0a6a4fae70}</UniqueIdentifier>
    </Filter>
    <Filter Include="Fichiers d%27en-tête\cameras\base">
      <UniqueIdentifier>{d2e46a6e-6942-4b46-bc45-c0a650f6e081}</UniqueIdentifier>
    </Filter>
    <Filter Include="Fichiers sources\cameras\base">
      <UniqueIdentifier>{d042ecef-3b3b-40b9-8b1b-e24833295b55}</UniqueIdentifier>
    </Filter>
    <Filter Include="Fichiers sources\primitives\transforms">
      <UniqueIdentifier>{915b2fe5-4258-41a3-8e56-c02bfae98822}</UniqueIdentifier>
    </Filter>
    <Filter Include="Fichiers sources\textures\base">
      <UniqueIdentifier>{30bc2afa-c3c4-4383-b596-8e3f3eb0ff85}</UniqueIdentifier>
    </Filter>
    <Filter Include="Fichiers sources\materials\emissive">
      <UniqueIdentifier>{104c7b1a-7c2c-4427-8103-479baaaf65ef}</UniqueIdentifier>
    </Filter>
    <Filter Include="Fichiers d%27en-tête\materials\emissive">
      <UniqueIdentifier>{07f427db-5754-41e0-8ea0-06f1767b8b95}</UniqueIdentifier>
    </Filter>
    <Filter Include="Fichiers d%27en-tête\primitives\transforms">
      <UniqueIdentifier>{c14e5676-adb2-409b-9acc-b0955178c17d}</UniqueIdentifier>
    </Filter>
    <Filter Include="Fichiers sources\scenes">
      <UniqueIdentifier>{b8cc211f-84e0-4753-b603-8d68b6379271}</UniqueIdentifier>
    </Filter>
    <Filter Include="Fichiers d%27en-tête\scenes">
      <UniqueIdentifier>{3438df6f-062c-4859-bafa-c2b7c78cd58d}</UniqueIdentifier>
    </Filter>
    <Filter Include="Fichiers sources\pdf">
      <UniqueIdentifier>{77b86166-d429-47c7-a3b6-d8493aeba0b0}</UniqueIdentifier>
    </Filter>
    <Filter Include="Fichiers d%27en-tête\pdf">
      <UniqueIdentifier>{b8a3a639-735d-4dc4-bd5a-c2fc63c4b4e2}</UniqueIdentifier>
    </Filter>
    <Filter Include="Fichiers d%27en-tête\samplers">
      <UniqueIdentifier>{2c85c1e2-059b-46fb-81bf-553899eb3183}</UniqueIdentifier>
    </Filter>
    <Filter Include="Fichiers sources\samplers">
      <UniqueIdentifier>{5fcda111-5f95-4052-9c7f-537a55ac75d0}</UniqueIdentifier>
    </Filter>
    <Filter Include="Fichiers sources\samplers\base">
      <UniqueIdentifier>{79acd8fa-829c-4e2a-aaa8-035fba599619}</UniqueIdentifier>
    </Filter>
    <Filter Include="Fichiers d%27en-tête\samplers\base">
      <UniqueIdentifier>{dec8cb8b-ff80-40ed-902f-79af4b980cb9}</UniqueIdentifier>
    </Filter>
    <Filter Include="Fichiers d%27en-tête\renderers">
      <UniqueIdentifier>{ea3611aa-58d3-433c-aa44-0fc55779d134}</UniqueIdentifier>
    </Filter>
    <Filter Include="Fichiers sources\renderers">
      <UniqueIdentifier>{33b77c2f-028f-4de3-8f28-c518b2def83f}</UniqueIdentifier>
    </Filter>
    <Filter Include="Fichiers sources\renderers\base">
      <UniqueIdentifier>{64e5cb7a-06ef-45e0-b849-cceb9fd22a42}</UniqueIdentifier>
    </Filter>
    <Filter Include="Fichiers d%27en-tête\renderers\base">
      <UniqueIdentifier>{035d0d75-f817-40dc-94ed-9c08c3a80adf}</UniqueIdentifier>
    </Filter>
    <Filter Include="Fichiers sources\outputs">
      <UniqueIdentifier>{e4b98284-409f-48ff-844b-1a81bdefae92}</UniqueIdentifier>
    </Filter>
    <Filter Include="Fichiers d%27en-tête\outputs">
      <UniqueIdentifier>{e8ac0480-b5cb-4b33-bdbf-786effb3da73}</UniqueIdentifier>
    </Filter>
    <Filter Include="Fichiers sources\outputs\base">
      <UniqueIdentifier>{915e3812-afb2-437c-afa1-2ee658cd0864}</UniqueIdentifier>
    </Filter>
    <Filter Include="Fichiers d%27en-tête\outputs\base">
      <UniqueIdentifier>{97dd5f5f-3787-4643-88da-9afdb29aba92}</UniqueIdentifier>
    </Filter>
    <Filter Include="Fichiers d%27en-tête\pdf\base">
      <UniqueIdentifier>{d8120cdf-a33c-4b8c-b7b3-800166a28b5d}</UniqueIdentifier>
    </Filter>
    <Filter Include="Fichiers d%27en-tête\randomizers">
      <UniqueIdentifier>{de18e66d-43c0-46c5-a841-d1039e61b0a7}</UniqueIdentifier>
    </Filter>
  </ItemGroup>
  <ItemGroup>
    <ClCompile Include="main.cpp">
      <Filter>Fichiers sources</Filter>
    </ClCompile>
    <ClCompile Include="utilities\bitmap_image.cpp">
      <Filter>Fichiers sources\utilities</Filter>
    </ClCompile>
    <ClCompile Include="utilities\interval.cpp">
      <Filter>Fichiers sources\utilities</Filter>
    </ClCompile>
    <ClCompile Include="misc\color.cpp">
      <Filter>Fichiers sources\misc</Filter>
    </ClCompile>
    <ClCompile Include="misc\ray.cpp">
      <Filter>Fichiers sources\misc</Filter>
    </ClCompile>
    <ClCompile Include="misc\hit_record.cpp">
      <Filter>Fichiers sources\misc</Filter>
    </ClCompile>
    <ClCompile Include="primitives\sphere.cpp">
      <Filter>Fichiers sources\primitives</Filter>
    </ClCompile>
    <ClCompile Include="primitives\hittable.cpp">
      <Filter>Fichiers sources\primitives\base</Filter>
    </ClCompile>
    <ClCompile Include="primitives\hittable_list.cpp">
      <Filter>Fichiers sources\primitives\base</Filter>
    </ClCompile>
    <ClCompile Include="primitives\quad.cpp">
      <Filter>Fichiers sources\primitives</Filter>
    </ClCompile>
    <ClCompile Include="primitives\aarect.cpp">
      <Filter>Fichiers sources\primitives</Filter>
    </ClCompile>
    <ClCompile Include="primitives\box.cpp">
      <Filter>Fichiers sources\primitives</Filter>
    </ClCompile>
    <ClCompile Include="lights\omni_light.cpp">
      <Filter>Fichiers sources\lights</Filter>
    </ClCompile>
    <ClCompile Include="lights\light.cpp">
      <Filter>Fichiers sources\lights\base</Filter>
    </ClCompile>
    <ClCompile Include="lights\directional_light.cpp">
      <Filter>Fichiers sources\lights</Filter>
    </ClCompile>
    <ClCompile Include="primitives\volume.cpp">
      <Filter>Fichiers sources\primitives</Filter>
    </ClCompile>
    <ClCompile Include="cameras\perspective_camera.cpp">
      <Filter>Fichiers sources\cameras</Filter>
    </ClCompile>
    <ClCompile Include="materials\dielectric_material.cpp">
      <Filter>Fichiers sources\materials</Filter>
    </ClCompile>
    <ClCompile Include="materials\isotropic_material.cpp">
      <Filter>Fichiers sources\materials</Filter>
    </ClCompile>
    <ClCompile Include="materials\lambertian_material.cpp">
      <Filter>Fichiers sources\materials</Filter>
    </ClCompile>
    <ClCompile Include="materials\metal_material.cpp">
      <Filter>Fichiers sources\materials</Filter>
    </ClCompile>
    <ClCompile Include="textures\alpha_texture.cpp">
      <Filter>Fichiers sources\textures</Filter>
    </ClCompile>
    <ClCompile Include="textures\bump_texture.cpp">
      <Filter>Fichiers sources\textures</Filter>
    </ClCompile>
    <ClCompile Include="textures\checker_texture.cpp">
      <Filter>Fichiers sources\textures</Filter>
    </ClCompile>
    <ClCompile Include="textures\gradient_texture.cpp">
      <Filter>Fichiers sources\textures</Filter>
    </ClCompile>
    <ClCompile Include="textures\image_texture.cpp">
      <Filter>Fichiers sources\textures</Filter>
    </ClCompile>
    <ClCompile Include="textures\marble_texture.cpp">
      <Filter>Fichiers sources\textures</Filter>
    </ClCompile>
    <ClCompile Include="textures\perlin_noise_texture.cpp">
      <Filter>Fichiers sources\textures</Filter>
    </ClCompile>
    <ClCompile Include="textures\roughness_texture.cpp">
      <Filter>Fichiers sources\textures</Filter>
    </ClCompile>
    <ClCompile Include="textures\solid_color_texture.cpp">
      <Filter>Fichiers sources\textures</Filter>
    </ClCompile>
    <ClCompile Include="primitives\cylinder.cpp">
      <Filter>Fichiers sources\primitives</Filter>
    </ClCompile>
    <ClCompile Include="textures\perlin.cpp">
      <Filter>Fichiers sources\textures\fx</Filter>
    </ClCompile>
    <ClCompile Include="materials\oren_nayar_material.cpp">
      <Filter>Fichiers sources\materials</Filter>
    </ClCompile>
    <ClCompile Include="misc\scene.cpp">
      <Filter>Fichiers sources\misc</Filter>
    </ClCompile>
    <ClCompile Include="cameras\camera.cpp">
      <Filter>Fichiers sources\cameras\base</Filter>
    </ClCompile>
    <ClCompile Include="primitives\translate.cpp">
      <Filter>Fichiers sources\primitives\transforms</Filter>
    </ClCompile>
    <ClCompile Include="primitives\flip_normals.cpp">
      <Filter>Fichiers sources\primitives\transforms</Filter>
    </ClCompile>
    <ClCompile Include="textures\texture.cpp">
      <Filter>Fichiers sources\textures\base</Filter>
    </ClCompile>
    <ClCompile Include="materials\anisotropic_material.cpp">
      <Filter>Fichiers sources\materials</Filter>
    </ClCompile>
    <ClCompile Include="materials\diffuse_light.cpp">
      <Filter>Fichiers sources\materials\emissive</Filter>
    </ClCompile>
    <ClCompile Include="primitives\cone.cpp">
      <Filter>Fichiers sources\primitives</Filter>
    </ClCompile>
    <ClCompile Include="primitives\disk.cpp">
      <Filter>Fichiers sources\primitives</Filter>
    </ClCompile>
    <ClCompile Include="primitives\torus.cpp">
      <Filter>Fichiers sources\primitives</Filter>
    </ClCompile>
    <ClCompile Include="primitives\scale.cpp">
      <Filter>Fichiers sources\primitives\transforms</Filter>
    </ClCompile>
    <ClCompile Include="primitives\rotate.cpp">
      <Filter>Fichiers sources\primitives\transforms</Filter>
    </ClCompile>
    <ClCompile Include="utilities\uvmapping.cpp">
      <Filter>Fichiers sources\utilities</Filter>
    </ClCompile>
    <ClCompile Include="primitives\triangle.cpp">
      <Filter>Fichiers sources\primitives</Filter>
    </ClCompile>
    <ClCompile Include="misc\transform.cpp">
      <Filter>Fichiers sources\misc</Filter>
    </ClCompile>
    <ClCompile Include="utilities\obj_mesh_loader.cpp">
      <Filter>Fichiers sources\utilities</Filter>
    </ClCompile>
    <ClCompile Include="textures\normal_texture.cpp">
      <Filter>Fichiers sources\textures</Filter>
    </ClCompile>
    <ClCompile Include="materials\phong_material.cpp">
      <Filter>Fichiers sources\materials</Filter>
    </ClCompile>
    <ClCompile Include="scenes\scene_builder.cpp">
      <Filter>Fichiers sources\scenes</Filter>
    </ClCompile>
    <ClCompile Include="scenes\scene_loader.cpp">
      <Filter>Fichiers sources\scenes</Filter>
    </ClCompile>
    <ClCompile Include="scenes\scene_manager.cpp">
      <Filter>Fichiers sources\scenes</Filter>
    </ClCompile>
    <ClCompile Include="scenes\scene_factory.cpp">
      <Filter>Fichiers sources\scenes</Filter>
    </ClCompile>
    <ClCompile Include="misc\timer.cpp">
      <Filter>Fichiers sources\misc</Filter>
    </ClCompile>
    <ClCompile Include="lights\spot_light.cpp">
      <Filter>Fichiers sources\lights</Filter>
    </ClCompile>
    <ClCompile Include="materials\diffuse_spot_light.cpp">
      <Filter>Fichiers sources\materials\emissive</Filter>
    </ClCompile>
    <ClCompile Include="pdf\cosine_pdf.cpp">
      <Filter>Fichiers sources\pdf</Filter>
    </ClCompile>
    <ClCompile Include="pdf\sphere_pdf.cpp">
      <Filter>Fichiers sources\pdf</Filter>
    </ClCompile>
    <ClCompile Include="pdf\mixture_pdf.cpp">
      <Filter>Fichiers sources\pdf</Filter>
    </ClCompile>
    <ClCompile Include="pdf\hittable_pdf.cpp">
      <Filter>Fichiers sources\pdf</Filter>
    </ClCompile>
    <ClCompile Include="pdf\anisotropic_phong_pdf.cpp">
      <Filter>Fichiers sources\pdf</Filter>
    </ClCompile>
    <ClCompile Include="pdf\image_pdf.cpp">
      <Filter>Fichiers sources\pdf</Filter>
    </ClCompile>
    <ClCompile Include="samplers\random_sampler.cpp">
      <Filter>Fichiers sources\samplers</Filter>
    </ClCompile>
    <ClCompile Include="samplers\msaa_sampler.cpp">
      <Filter>Fichiers sources\samplers</Filter>
    </ClCompile>
    <ClCompile Include="samplers\sampler.cpp">
      <Filter>Fichiers sources\samplers\base</Filter>
    </ClCompile>
    <ClCompile Include="textures\displacement_texture.cpp">
      <Filter>Fichiers sources\textures</Filter>
    </ClCompile>
    <ClCompile Include="materials\material.cpp">
      <Filter>Fichiers sources\materials\base</Filter>
    </ClCompile>
    <ClCompile Include="textures\emissive_texture.cpp">
      <Filter>Fichiers sources\textures</Filter>
    </ClCompile>
    <ClCompile Include="utilities\Util.cpp">
      <Filter>Fichiers sources\utilities</Filter>
    </ClCompile>
    <ClCompile Include="cameras\orthographic_camera.cpp">
      <Filter>Fichiers sources\cameras</Filter>
    </ClCompile>
    <ClCompile Include="misc\aabb.cpp">
      <Filter>Fichiers sources\misc</Filter>
    </ClCompile>
    <ClCompile Include="misc\aabb_debug.cpp">
      <Filter>Fichiers sources\misc</Filter>
    </ClCompile>
    <ClCompile Include="misc\bvh_node.cpp">
      <Filter>Fichiers sources\misc</Filter>
    </ClCompile>
    <ClCompile Include="misc\onb.cpp">
      <Filter>Fichiers sources\misc</Filter>
    </ClCompile>
    <ClCompile Include="misc\singleton.cpp">
      <Filter>Fichiers sources\misc</Filter>
    </ClCompile>
    <ClCompile Include="renderers\cpu_multithread_renderer.cpp">
      <Filter>Fichiers sources\renderers</Filter>
    </ClCompile>
    <ClCompile Include="renderers\gpu_cuda_renderer.cpp">
      <Filter>Fichiers sources\renderers</Filter>
    </ClCompile>
    <ClCompile Include="renderers\cpu_singlethread_renderer.cpp">
      <Filter>Fichiers sources\renderers</Filter>
    </ClCompile>
    <ClCompile Include="renderers\renderer.cpp">
      <Filter>Fichiers sources\renderers\base</Filter>
    </ClCompile>
    <ClCompile Include="outputs\standard_output.cpp">
      <Filter>Fichiers sources\outputs</Filter>
    </ClCompile>
    <ClCompile Include="outputs\output.cpp">
      <Filter>Fichiers sources\outputs\base</Filter>
    </ClCompile>
    <ClCompile Include="outputs\namedpipes_output.cpp">
      <Filter>Fichiers sources\outputs</Filter>
    </ClCompile>
    <ClCompile Include="outputs\no_output.cpp">
      <Filter>Fichiers sources\outputs</Filter>
    </ClCompile>
    <ClCompile Include="renderers\renderer_selector.cpp">
      <Filter>Fichiers sources\renderers</Filter>
    </ClCompile>
    <ClCompile Include="utilities\triangle_cache.cpp">
      <Filter>Fichiers sources\utilities</Filter>
    </ClCompile>
    <ClCompile Include="materials\emissive_material.cpp">
      <Filter>Fichiers sources\materials</Filter>
    </ClCompile>
    <ClCompile Include="utilities\fbx_mesh_loader.cpp">
      <Filter>Fichiers sources\utilities</Filter>
    </ClCompile>
  </ItemGroup>
  <ItemGroup>
    <ClInclude Include="utilities\interval.h">
      <Filter>Fichiers d%27en-tête\utilities</Filter>
    </ClInclude>
    <ClInclude Include="primitives\quad.h">
      <Filter>Fichiers d%27en-tête\primitives</Filter>
    </ClInclude>
    <ClInclude Include="materials\lambertian_material.h">
      <Filter>Fichiers d%27en-tête\materials</Filter>
    </ClInclude>
    <ClInclude Include="materials\metal_material.h">
      <Filter>Fichiers d%27en-tête\materials</Filter>
    </ClInclude>
    <ClInclude Include="materials\dielectric_material.h">
      <Filter>Fichiers d%27en-tête\materials</Filter>
    </ClInclude>
    <ClInclude Include="materials\isotropic_material.h">
      <Filter>Fichiers d%27en-tête\materials</Filter>
    </ClInclude>
    <ClInclude Include="primitives\hittable_list.h">
      <Filter>Fichiers d%27en-tête\primitives\base</Filter>
    </ClInclude>
    <ClInclude Include="primitives\hittable.h">
      <Filter>Fichiers d%27en-tête\primitives\base</Filter>
    </ClInclude>
    <ClInclude Include="materials\material.h">
      <Filter>Fichiers d%27en-tête\materials\base</Filter>
    </ClInclude>
    <ClInclude Include="textures\texture.h">
      <Filter>Fichiers d%27en-tête\textures\base</Filter>
    </ClInclude>
    <ClInclude Include="textures\solid_color_texture.h">
      <Filter>Fichiers d%27en-tête\textures</Filter>
    </ClInclude>
    <ClInclude Include="textures\checker_texture.h">
      <Filter>Fichiers d%27en-tête\textures</Filter>
    </ClInclude>
    <ClInclude Include="textures\image_texture.h">
      <Filter>Fichiers d%27en-tête\textures</Filter>
    </ClInclude>
    <ClInclude Include="textures\perlin_noise_texture.h">
      <Filter>Fichiers d%27en-tête\textures</Filter>
    </ClInclude>
    <ClInclude Include="cameras\perspective_camera.h">
      <Filter>Fichiers d%27en-tête\cameras</Filter>
    </ClInclude>
    <ClInclude Include="textures\perlin.h">
      <Filter>Fichiers d%27en-tête\textures\fx</Filter>
    </ClInclude>
    <ClInclude Include="misc\color.h">
      <Filter>Fichiers d%27en-tête\misc</Filter>
    </ClInclude>
    <ClInclude Include="misc\ray.h">
      <Filter>Fichiers d%27en-tête\misc</Filter>
    </ClInclude>
    <ClInclude Include="primitives\cylinder.h">
      <Filter>Fichiers d%27en-tête\primitives</Filter>
    </ClInclude>
    <ClInclude Include="utilities\math_utils.h">
      <Filter>Fichiers d%27en-tête\utilities</Filter>
    </ClInclude>
    <ClInclude Include="utilities\types.h">
      <Filter>Fichiers d%27en-tête\utilities</Filter>
    </ClInclude>
    <ClInclude Include="utilities\bitmap_image.h">
      <Filter>Fichiers d%27en-tête\utilities</Filter>
    </ClInclude>
    <ClInclude Include="primitives\volume.h">
      <Filter>Fichiers d%27en-tête\primitives</Filter>
    </ClInclude>
    <ClInclude Include="textures\marble_texture.h">
      <Filter>Fichiers d%27en-tête\textures</Filter>
    </ClInclude>
    <ClInclude Include="textures\gradient_texture.h">
      <Filter>Fichiers d%27en-tête\textures</Filter>
    </ClInclude>
    <ClInclude Include="textures\alpha_texture.h">
      <Filter>Fichiers d%27en-tête\textures</Filter>
    </ClInclude>
    <ClInclude Include="textures\bump_texture.h">
      <Filter>Fichiers d%27en-tête\textures</Filter>
    </ClInclude>
    <ClInclude Include="primitives\sphere.h">
      <Filter>Fichiers d%27en-tête\primitives</Filter>
    </ClInclude>
    <ClInclude Include="lights\omni_light.h">
      <Filter>Fichiers d%27en-tête\lights</Filter>
    </ClInclude>
    <ClInclude Include="lights\light.h">
      <Filter>Fichiers d%27en-tête\lights\base</Filter>
    </ClInclude>
    <ClInclude Include="lights\directional_light.h">
      <Filter>Fichiers d%27en-tête\lights</Filter>
    </ClInclude>
    <ClInclude Include="textures\roughness_texture.h">
      <Filter>Fichiers d%27en-tête\textures</Filter>
    </ClInclude>
    <ClInclude Include="primitives\aarect.h">
      <Filter>Fichiers d%27en-tête\primitives</Filter>
    </ClInclude>
    <ClInclude Include="primitives\box.h">
      <Filter>Fichiers d%27en-tête\primitives</Filter>
    </ClInclude>
    <ClInclude Include="misc\scatter_record.h">
      <Filter>Fichiers d%27en-tête\misc</Filter>
    </ClInclude>
    <ClInclude Include="misc\hit_record.h">
      <Filter>Fichiers d%27en-tête\misc</Filter>
    </ClInclude>
    <ClInclude Include="materials\oren_nayar_material.h">
      <Filter>Fichiers d%27en-tête\materials</Filter>
    </ClInclude>
    <ClInclude Include="misc\scene.h">
      <Filter>Fichiers d%27en-tête\misc</Filter>
    </ClInclude>
    <ClInclude Include="cameras\camera.h">
      <Filter>Fichiers d%27en-tête\cameras\base</Filter>
    </ClInclude>
    <ClInclude Include="materials\anisotropic_material.h">
      <Filter>Fichiers d%27en-tête\materials</Filter>
    </ClInclude>
    <ClInclude Include="materials\diffuse_light.h">
      <Filter>Fichiers d%27en-tête\materials\emissive</Filter>
    </ClInclude>
    <ClInclude Include="primitives\cone.h">
      <Filter>Fichiers d%27en-tête\primitives</Filter>
    </ClInclude>
    <ClInclude Include="primitives\disk.h">
      <Filter>Fichiers d%27en-tête\primitives</Filter>
    </ClInclude>
    <ClInclude Include="primitives\torus.h">
      <Filter>Fichiers d%27en-tête\primitives</Filter>
    </ClInclude>
    <ClInclude Include="primitives\flip_normals.h">
      <Filter>Fichiers d%27en-tête\primitives\transforms</Filter>
    </ClInclude>
    <ClInclude Include="primitives\translate.h">
      <Filter>Fichiers d%27en-tête\primitives\transforms</Filter>
    </ClInclude>
    <ClInclude Include="primitives\scale.h">
      <Filter>Fichiers d%27en-tête\primitives\transforms</Filter>
    </ClInclude>
    <ClInclude Include="primitives\rotate.h">
      <Filter>Fichiers d%27en-tête\primitives\transforms</Filter>
    </ClInclude>
    <ClInclude Include="utilities\uvmapping.h">
      <Filter>Fichiers d%27en-tête\utilities</Filter>
    </ClInclude>
    <ClInclude Include="utilities\obj_mesh_loader.h">
      <Filter>Fichiers d%27en-tête\utilities</Filter>
    </ClInclude>
    <ClInclude Include="primitives\triangle.h">
      <Filter>Fichiers d%27en-tête\primitives</Filter>
    </ClInclude>
    <ClInclude Include="misc\transform.h">
      <Filter>Fichiers d%27en-tête\misc</Filter>
    </ClInclude>
    <ClInclude Include="constants.h">
      <Filter>Fichiers d%27en-tête</Filter>
    </ClInclude>
    <ClInclude Include="textures\normal_texture.h">
      <Filter>Fichiers d%27en-tête\textures</Filter>
    </ClInclude>
    <ClInclude Include="materials\phong_material.h">
      <Filter>Fichiers d%27en-tête\materials</Filter>
    </ClInclude>
    <ClInclude Include="utilities\helpers.h">
      <Filter>Fichiers d%27en-tête\utilities</Filter>
    </ClInclude>
    <ClInclude Include="scenes\scene_manager.h">
      <Filter>Fichiers d%27en-tête\scenes</Filter>
    </ClInclude>
    <ClInclude Include="scenes\scene_loader.h">
      <Filter>Fichiers d%27en-tête\scenes</Filter>
    </ClInclude>
    <ClInclude Include="scenes\scene_builder.h">
      <Filter>Fichiers d%27en-tête\scenes</Filter>
    </ClInclude>
    <ClInclude Include="scenes\scene_factory.h">
      <Filter>Fichiers d%27en-tête\scenes</Filter>
    </ClInclude>
    <ClInclude Include="misc\timer.h">
      <Filter>Fichiers d%27en-tête\misc</Filter>
    </ClInclude>
    <ClInclude Include="misc\singleton.h">
      <Filter>Fichiers d%27en-tête\misc</Filter>
    </ClInclude>
    <ClInclude Include="misc\renderParameters.h">
      <Filter>Fichiers d%27en-tête\misc</Filter>
    </ClInclude>
    <ClInclude Include="lights\spot_light.h">
      <Filter>Fichiers d%27en-tête\lights</Filter>
    </ClInclude>
    <ClInclude Include="materials\diffuse_spot_light.h">
      <Filter>Fichiers d%27en-tête\materials\emissive</Filter>
    </ClInclude>
    <ClInclude Include="pdf\cosine_pdf.h">
      <Filter>Fichiers d%27en-tête\pdf</Filter>
    </ClInclude>
    <ClInclude Include="pdf\sphere_pdf.h">
      <Filter>Fichiers d%27en-tête\pdf</Filter>
    </ClInclude>
    <ClInclude Include="pdf\hittable_pdf.h">
      <Filter>Fichiers d%27en-tête\pdf</Filter>
    </ClInclude>
    <ClInclude Include="pdf\mixture_pdf.h">
      <Filter>Fichiers d%27en-tête\pdf</Filter>
    </ClInclude>
    <ClInclude Include="pdf\anisotropic_phong_pdf.h">
      <Filter>Fichiers d%27en-tête\pdf</Filter>
    </ClInclude>
    <ClInclude Include="pdf\image_pdf.h">
      <Filter>Fichiers d%27en-tête\pdf</Filter>
    </ClInclude>
    <ClInclude Include="samplers\random_sampler.h">
      <Filter>Fichiers d%27en-tête\samplers</Filter>
    </ClInclude>
    <ClInclude Include="samplers\msaa_sampler.h">
      <Filter>Fichiers d%27en-tête\samplers</Filter>
    </ClInclude>
    <ClInclude Include="samplers\sampler.h">
      <Filter>Fichiers d%27en-tête\samplers\base</Filter>
    </ClInclude>
    <ClInclude Include="textures\displacement_texture.h">
      <Filter>Fichiers d%27en-tête\textures</Filter>
    </ClInclude>
    <ClInclude Include="textures\emissive_texture.h">
      <Filter>Fichiers d%27en-tête\textures</Filter>
    </ClInclude>
    <ClInclude Include="utilities\Util.h">
      <Filter>Fichiers d%27en-tête\utilities</Filter>
    </ClInclude>
    <ClInclude Include="cameras\orthographic_camera.h">
      <Filter>Fichiers d%27en-tête\cameras</Filter>
    </ClInclude>
    <ClInclude Include="misc\aabb.h">
      <Filter>Fichiers d%27en-tête\misc</Filter>
    </ClInclude>
    <ClInclude Include="misc\aabb_debug.h">
      <Filter>Fichiers d%27en-tête\misc</Filter>
    </ClInclude>
    <ClInclude Include="misc\bvh_node.h">
      <Filter>Fichiers d%27en-tête\misc</Filter>
    </ClInclude>
    <ClInclude Include="misc\onb.h">
      <Filter>Fichiers d%27en-tête\misc</Filter>
    </ClInclude>
    <ClInclude Include="renderers\cpu_multithread_renderer.h">
      <Filter>Fichiers d%27en-tête\renderers</Filter>
    </ClInclude>
    <ClInclude Include="renderers\cpu_singlethread_renderer.h">
      <Filter>Fichiers d%27en-tête\renderers</Filter>
    </ClInclude>
    <ClInclude Include="renderers\gpu_cuda_renderer.h">
      <Filter>Fichiers d%27en-tête\renderers</Filter>
    </ClInclude>
    <ClInclude Include="renderers\renderer.h">
      <Filter>Fichiers d%27en-tête\renderers\base</Filter>
    </ClInclude>
    <ClInclude Include="outputs\standard_output.h">
      <Filter>Fichiers d%27en-tête\outputs</Filter>
    </ClInclude>
    <ClInclude Include="outputs\output.h">
      <Filter>Fichiers d%27en-tête\outputs\base</Filter>
    </ClInclude>
    <ClInclude Include="outputs\namedpipes_output.h">
      <Filter>Fichiers d%27en-tête\outputs</Filter>
    </ClInclude>
    <ClInclude Include="outputs\no_output.h">
      <Filter>Fichiers d%27en-tête\outputs</Filter>
    </ClInclude>
    <ClInclude Include="renderers\renderer_selector.h">
      <Filter>Fichiers d%27en-tête\renderers</Filter>
    </ClInclude>
    <ClInclude Include="utilities\triangle_cache.h">
      <Filter>Fichiers d%27en-tête\utilities</Filter>
    </ClInclude>
    <ClInclude Include="pdf\pdf.h">
      <Filter>Fichiers d%27en-tête\pdf\base</Filter>
    </ClInclude>
    <ClInclude Include="randomizers\randomizer.h">
      <Filter>Fichiers d%27en-tête\randomizers</Filter>
    </ClInclude>
    <ClInclude Include="materials\emissive_material.h">
      <Filter>Fichiers d%27en-tête\materials</Filter>
    </ClInclude>
    <ClInclude Include="utilities\fbx_mesh_loader.h">
      <Filter>Fichiers d%27en-tête\utilities</Filter>
    </ClInclude>
    <ClInclude Include="utilities\matrix4x4.h">
      <Filter>Fichiers d%27en-tête\utilities</Filter>
    </ClInclude>
  </ItemGroup>
</Project>